// This lockfile was autogenerated by Pants. To regenerate, run:
//
//    ./pants generate-lockfiles --resolve=python-default
//
// --- BEGIN PANTS LOCKFILE METADATA: DO NOT EDIT OR REMOVE ---
// {
//   "version": 3,
//   "valid_for_interpreter_constraints": [
//     "CPython<3.11,>=3.8"
//   ],
//   "generated_with_requirements": [
//     "numpy~=1.24.2",
//     "pyquaternion~=0.9.9"
//   ],
//   "manylinux": "manylinux2014",
//   "requirement_constraints": [],
//   "only_binary": [],
//   "no_binary": []
// }
// --- END PANTS LOCKFILE METADATA ---

{
  "allow_builds": true,
  "allow_prereleases": false,
  "allow_wheels": true,
  "build_isolation": true,
  "constraints": [],
  "locked_resolves": [
    {
      "locked_requirements": [
        {
          "artifacts": [
            {
              "algorithm": "sha256",
              "hash": "1a7d6acc2e7524c9955e5c903160aa4ea083736fde7e91276b0e5d98e6332812",
              "url": "https://files.pythonhosted.org/packages/eb/10/2c3c672034d860bcca50b65d656e24c4e2ace9fb452fdd81da78cb7418a1/numpy-1.24.3-pp38-pypy38_pp73-manylinux_2_17_x86_64.manylinux2014_x86_64.whl"
            },
            {
              "algorithm": "sha256",
              "hash": "4719d5aefb5189f50887773699eaf94e7d1e02bf36c1a9d353d9f46703758ca4",
              "url": "https://files.pythonhosted.org/packages/0d/43/643629a4a278b4815541c7d69856c07ddb0e99bdc62b43538d3751eae2d8/numpy-1.24.3-cp39-cp39-macosx_10_9_x86_64.whl"
            },
            {
              "algorithm": "sha256",
              "hash": "ab344f1bf21f140adab8e47fdbc7c35a477dc01408791f8ba00d018dd0bc5155",
              "url": "https://files.pythonhosted.org/packages/2c/d4/590ae7df5044465cc9fa2db152ae12468694d62d952b1528ecff328ef7fc/numpy-1.24.3.tar.gz"
            },
            {
              "algorithm": "sha256",
              "hash": "0ec87a7084caa559c36e0a2309e4ecb1baa03b687201d0a847c8b0ed476a7187",
              "url": "https://files.pythonhosted.org/packages/54/41/fb17c1d48a574c50422ff3f1b17ed979b755adc6ed291c4a44a76e226c67/numpy-1.24.3-cp39-cp39-macosx_11_0_arm64.whl"
            },
            {
              "algorithm": "sha256",
              "hash": "352ee00c7f8387b44d19f4cada524586f07379c0d49270f87233983bc5087ca0",
              "url": "https://files.pythonhosted.org/packages/5a/ab/d0eff89e0c05cc86fa7955c5e54e8ed0957a8a97a2516384b9ffd82008cc/numpy-1.24.3-pp38-pypy38_pp73-macosx_10_9_x86_64.whl"
            },
            {
              "algorithm": "sha256",
              "hash": "8535303847b89aa6b0f00aa1dc62867b5a32923e4d1681a35b5eef2d9591a463",
              "url": "https://files.pythonhosted.org/packages/62/e4/cd77d5f3d02c30d9ca8f2995df3cb3974c75cf1cc777fad445753475c4e4/numpy-1.24.3-cp310-cp310-manylinux_2_17_aarch64.manylinux2014_aarch64.whl"
            },
            {
              "algorithm": "sha256",
              "hash": "2d926b52ba1367f9acb76b0df6ed21f0b16a1ad87c6720a1121674e5cf63e2b6",
              "url": "https://files.pythonhosted.org/packages/6f/72/38f9a536bdb5bfb1682f2520f133ec6e08dde8bcca1f632e347641d90763/numpy-1.24.3-cp310-cp310-manylinux_2_17_x86_64.manylinux2014_x86_64.whl"
            },
            {
              "algorithm": "sha256",
              "hash": "7776ea65423ca6a15255ba1872d82d207bd1e09f6d0894ee4a64678dd2204078",
              "url": "https://files.pythonhosted.org/packages/79/4a/63a79242763edde0b5025d104cc2b78c44d89310b1bbc9b0f64a96b72ea0/numpy-1.24.3-cp38-cp38-macosx_10_9_x86_64.whl"
            },
            {
              "algorithm": "sha256",
              "hash": "210461d87fb02a84ef243cac5e814aad2b7f4be953b32cb53327bb49fd77fbb4",
              "url": "https://files.pythonhosted.org/packages/83/be/de078ac5e4ff572b1bdac1808b77cea2013b2c6286282f89b1de3e951273/numpy-1.24.3-cp39-cp39-manylinux_2_17_x86_64.manylinux2014_x86_64.whl"
            },
            {
              "algorithm": "sha256",
              "hash": "4749e053a29364d3452c034827102ee100986903263e89884922ef01a0a6fd2f",
              "url": "https://files.pythonhosted.org/packages/8b/d9/814a619ab84d8eb0d95e08d4c723e665f1e694b5a6068ca505a61bdc3745/numpy-1.24.3-cp38-cp38-manylinux_2_17_x86_64.manylinux2014_x86_64.whl"
            },
            {
              "algorithm": "sha256",
              "hash": "ea8282b9bcfe2b5e7d491d0bf7f3e2da29700cec05b49e64d6246923329f2b02",
              "url": "https://files.pythonhosted.org/packages/96/92/2a8c1356e226311cf885e04eff576df8c357b2626c47c9283024bc24e01e/numpy-1.24.3-cp39-cp39-manylinux_2_17_aarch64.manylinux2014_aarch64.whl"
            },
            {
              "algorithm": "sha256",
              "hash": "ecde0f8adef7dfdec993fd54b0f78183051b6580f606111a6d789cd14c61ea0c",
              "url": "https://files.pythonhosted.org/packages/a7/fe/72493149c65dcd39d8c8dc09870e242bd689d1db2bde3ec479807bf0d414/numpy-1.24.3-cp38-cp38-manylinux_2_17_aarch64.manylinux2014_aarch64.whl"
            },
            {
              "algorithm": "sha256",
              "hash": "ae8d0be48d1b6ed82588934aaaa179875e7dc4f3d84da18d7eae6eb3f06c242c",
              "url": "https://files.pythonhosted.org/packages/ca/13/c5bc0100b425f007412c3ba5d71e5ae9c08260fecbffd620764a9df1f4de/numpy-1.24.3-cp38-cp38-macosx_11_0_arm64.whl"
            },
            {
              "algorithm": "sha256",
              "hash": "3c1104d3c036fb81ab923f507536daedc718d0ad5a8707c6061cdfd6d184e570",
              "url": "https://files.pythonhosted.org/packages/f3/23/7cc851bae09cf4db90d42a701dfe525780883ada86bece45e3da7a07e76b/numpy-1.24.3-cp310-cp310-macosx_10_9_x86_64.whl"
            },
            {
              "algorithm": "sha256",
              "hash": "202de8f38fc4a45a3eea4b63e2f376e5f2dc64ef0fa692838e31a808520efaf7",
              "url": "https://files.pythonhosted.org/packages/fa/7d/8dfb40eecbb6bc83ca00ef979f5cdeca5909a250cb8b642dcf1fbd34c078/numpy-1.24.3-cp310-cp310-macosx_11_0_arm64.whl"
            }
          ],
          "project_name": "numpy",
          "requires_dists": [],
          "requires_python": ">=3.8",
          "version": "1.24.3"
        },
        {
          "artifacts": [
            {
              "algorithm": "sha256",
              "hash": "e65f6e3f7b1fdf1a9e23f82434334a1ae84f14223eee835190cd2e841f8172ec",
              "url": "https://files.pythonhosted.org/packages/49/b3/d8482e8cacc8ea15a356efea13d22ce1c5914a9ee36622ba250523240bf2/pyquaternion-0.9.9-py3-none-any.whl"
            },
            {
              "algorithm": "sha256",
              "hash": "b1f61af219cb2fe966b5fb79a192124f2e63a3f7a777ac3cadf2957b1a81bea8",
              "url": "https://files.pythonhosted.org/packages/7d/0d/3d092aa20efaedacb89c3221a92c6491be5b28f618a2c36b52b53e7446c2/pyquaternion-0.9.9.tar.gz"
            }
          ],
          "project_name": "pyquaternion",
          "requires_dists": [
            "mkdocs; extra == \"dev\"",
            "nose; extra == \"test\"",
            "numpy"
          ],
          "requires_python": null,
          "version": "0.9.9"
        }
      ],
      "platform_tag": null
    }
  ],
  "path_mappings": {},
  "pex_version": "2.1.111",
  "pip_version": "20.3.4-patched",
  "prefer_older_binary": false,
  "requirements": [
    "numpy~=1.24.2",
    "pyquaternion~=0.9.9"
  ],
  "requires_python": [
    "<3.11,>=3.8"
  ],
  "resolver_version": "pip-2020-resolver",
  "style": "universal",
  "target_systems": [
    "linux",
    "mac"
  ],
  "transitive": true,
  "use_pep517": null
}
