// This lockfile was autogenerated by Pants. To regenerate, run:
//
//    ./pants generate-lockfiles --resolve=python-default
//
// --- BEGIN PANTS LOCKFILE METADATA: DO NOT EDIT OR REMOVE ---
// {
//   "version": 3,
//   "valid_for_interpreter_constraints": [
//     "CPython==3.8.*"
//   ],
//   "generated_with_requirements": [
//     "numpy~=1.24.2",
//     "pyquaternion~=0.9.9"
//   ],
//   "manylinux": "manylinux2014",
//   "requirement_constraints": [],
//   "only_binary": [],
//   "no_binary": []
// }
// --- END PANTS LOCKFILE METADATA ---

{
  "allow_builds": true,
  "allow_prereleases": false,
  "allow_wheels": true,
  "build_isolation": true,
  "constraints": [],
  "locked_resolves": [
    {
      "locked_requirements": [
        {
          "artifacts": [
            {
              "algorithm": "sha256",
              "hash": "1a7d6acc2e7524c9955e5c903160aa4ea083736fde7e91276b0e5d98e6332812",
              "url": "https://files.pythonhosted.org/packages/eb/10/2c3c672034d860bcca50b65d656e24c4e2ace9fb452fdd81da78cb7418a1/numpy-1.24.3-pp38-pypy38_pp73-manylinux_2_17_x86_64.manylinux2014_x86_64.whl"
            },
            {
              "algorithm": "sha256",
              "hash": "ab344f1bf21f140adab8e47fdbc7c35a477dc01408791f8ba00d018dd0bc5155",
              "url": "https://files.pythonhosted.org/packages/2c/d4/590ae7df5044465cc9fa2db152ae12468694d62d952b1528ecff328ef7fc/numpy-1.24.3.tar.gz"
            },
            {
              "algorithm": "sha256",
              "hash": "352ee00c7f8387b44d19f4cada524586f07379c0d49270f87233983bc5087ca0",
              "url": "https://files.pythonhosted.org/packages/5a/ab/d0eff89e0c05cc86fa7955c5e54e8ed0957a8a97a2516384b9ffd82008cc/numpy-1.24.3-pp38-pypy38_pp73-macosx_10_9_x86_64.whl"
            },
            {
              "algorithm": "sha256",
              "hash": "7776ea65423ca6a15255ba1872d82d207bd1e09f6d0894ee4a64678dd2204078",
              "url": "https://files.pythonhosted.org/packages/79/4a/63a79242763edde0b5025d104cc2b78c44d89310b1bbc9b0f64a96b72ea0/numpy-1.24.3-cp38-cp38-macosx_10_9_x86_64.whl"
            },
            {
              "algorithm": "sha256",
              "hash": "4749e053a29364d3452c034827102ee100986903263e89884922ef01a0a6fd2f",
              "url": "https://files.pythonhosted.org/packages/8b/d9/814a619ab84d8eb0d95e08d4c723e665f1e694b5a6068ca505a61bdc3745/numpy-1.24.3-cp38-cp38-manylinux_2_17_x86_64.manylinux2014_x86_64.whl"
            },
            {
              "algorithm": "sha256",
              "hash": "ecde0f8adef7dfdec993fd54b0f78183051b6580f606111a6d789cd14c61ea0c",
              "url": "https://files.pythonhosted.org/packages/a7/fe/72493149c65dcd39d8c8dc09870e242bd689d1db2bde3ec479807bf0d414/numpy-1.24.3-cp38-cp38-manylinux_2_17_aarch64.manylinux2014_aarch64.whl"
            },
            {
              "algorithm": "sha256",
              "hash": "ae8d0be48d1b6ed82588934aaaa179875e7dc4f3d84da18d7eae6eb3f06c242c",
              "url": "https://files.pythonhosted.org/packages/ca/13/c5bc0100b425f007412c3ba5d71e5ae9c08260fecbffd620764a9df1f4de/numpy-1.24.3-cp38-cp38-macosx_11_0_arm64.whl"
            }
          ],
          "project_name": "numpy",
          "requires_dists": [],
          "requires_python": ">=3.8",
          "version": "1.24.3"
        },
        {
          "artifacts": [
            {
              "algorithm": "sha256",
              "hash": "e65f6e3f7b1fdf1a9e23f82434334a1ae84f14223eee835190cd2e841f8172ec",
              "url": "https://files.pythonhosted.org/packages/49/b3/d8482e8cacc8ea15a356efea13d22ce1c5914a9ee36622ba250523240bf2/pyquaternion-0.9.9-py3-none-any.whl"
            },
            {
              "algorithm": "sha256",
              "hash": "b1f61af219cb2fe966b5fb79a192124f2e63a3f7a777ac3cadf2957b1a81bea8",
              "url": "https://files.pythonhosted.org/packages/7d/0d/3d092aa20efaedacb89c3221a92c6491be5b28f618a2c36b52b53e7446c2/pyquaternion-0.9.9.tar.gz"
            }
          ],
          "project_name": "pyquaternion",
          "requires_dists": [
            "mkdocs; extra == \"dev\"",
            "nose; extra == \"test\"",
            "numpy"
          ],
          "requires_python": null,
          "version": "0.9.9"
        }
      ],
      "platform_tag": null
    }
  ],
  "path_mappings": {},
  "pex_version": "2.1.111",
  "pip_version": "20.3.4-patched",
  "prefer_older_binary": false,
  "requirements": [
    "numpy~=1.24.2",
    "pyquaternion~=0.9.9"
  ],
  "requires_python": [
    "==3.8.*"
  ],
  "resolver_version": "pip-2020-resolver",
  "style": "universal",
  "target_systems": [
    "linux",
    "mac"
  ],
  "transitive": true,
  "use_pep517": null
}
